
Microsoft Visual Studio Solution File, Format Version 12.00
# Visual Studio Version 17
VisualStudioVersion = 17.0.32014.148
MinimumVisualStudioVersion = 10.0.40219.1
Project("{9A19103F-16F7-4668-BE54-9A1E7A4F7556}") = "Web", "Web\Web.csproj", "{20459E64-CD48-47B9-B049-694E887F54CC}"
EndProject
Project("{9A19103F-16F7-4668-BE54-9A1E7A4F7556}") = "Domain", "Domain\Domain.csproj", "{C8D0B83F-ABF2-469C-8605-114C9822F493}"
EndProject
Project("{9A19103F-16F7-4668-BE54-9A1E7A4F7556}") = "Infrastructure", "Infrastructure\Infrastructure.csproj", "{BB7A83AE-6BC7-4D5A-A51C-DD3C18B5C8EA}"
EndProject
Project("{9A19103F-16F7-4668-BE54-9A1E7A4F7556}") = "Application", "Application\Application.csproj", "{90E7BA8A-7A19-4CCE-B402-AC5FBF74020D}"
EndProject
Global
	GlobalSection(SolutionConfigurationPlatforms) = preSolution
		Debug|Any CPU = Debug|Any CPU
		Release|Any CPU = Release|Any CPU
	EndGlobalSection
	GlobalSection(ProjectConfigurationPlatforms) = postSolution
		{20459E64-CD48-47B9-B049-694E887F54CC}.Debug|Any CPU.ActiveCfg = Debug|Any CPU
		{20459E64-CD48-47B9-B049-694E887F54CC}.Debug|Any CPU.Build.0 = Debug|Any CPU
		{20459E64-CD48-47B9-B049-694E887F54CC}.Release|Any CPU.ActiveCfg = Release|Any CPU
		{20459E64-CD48-47B9-B049-694E887F54CC}.Release|Any CPU.Build.0 = Release|Any CPU
		{C8D0B83F-ABF2-469C-8605-114C9822F493}.Debug|Any CPU.ActiveCfg = Debug|Any CPU
		{C8D0B83F-ABF2-469C-8605-114C9822F493}.Debug|Any CPU.Build.0 = Debug|Any CPU
		{C8D0B83F-ABF2-469C-8605-114C9822F493}.Release|Any CPU.ActiveCfg = Release|Any CPU
		{C8D0B83F-ABF2-469C-8605-114C9822F493}.Release|Any CPU.Build.0 = Release|Any CPU
		{BB7A83AE-6BC7-4D5A-A51C-DD3C18B5C8EA}.Debug|Any CPU.ActiveCfg = Debug|Any CPU
		{BB7A83AE-6BC7-4D5A-A51C-DD3C18B5C8EA}.Debug|Any CPU.Build.0 = Debug|Any CPU
		{BB7A83AE-6BC7-4D5A-A51C-DD3C18B5C8EA}.Release|Any CPU.ActiveCfg = Release|Any CPU
		{BB7A83AE-6BC7-4D5A-A51C-DD3C18B5C8EA}.Release|Any CPU.Build.0 = Release|Any CPU
		{90E7BA8A-7A19-4CCE-B402-AC5FBF74020D}.Debug|Any CPU.ActiveCfg = Debug|Any CPU
		{90E7BA8A-7A19-4CCE-B402-AC5FBF74020D}.Debug|Any CPU.Build.0 = Debug|Any CPU
		{90E7BA8A-7A19-4CCE-B402-AC5FBF74020D}.Release|Any CPU.ActiveCfg = Release|Any CPU
		{90E7BA8A-7A19-4CCE-B402-AC5FBF74020D}.Release|Any CPU.Build.0 = Release|Any CPU
	EndGlobalSection
	GlobalSection(SolutionProperties) = preSolution
		HideSolutionNode = FALSE
	EndGlobalSection
	GlobalSection(ExtensibilityGlobals) = postSolution
		SolutionGuid = {9D642438-2545-4BB3-B419-9DF25FD1E83D}
	EndGlobalSection
EndGlobal
